
Microsoft Visual Studio Solution File, Format Version 12.00
# Visual Studio 15
VisualStudioVersion = 15.0.28010.2036
MinimumVisualStudioVersion = 10.0.40219.1
Project("{9A19103F-16F7-4668-BE54-9A1E7A4F7556}") = "SportChallenge", "SportChallenge\SportChallenge.csproj", "{6647FBB9-3AE9-4D5F-92B4-ACC090180D40}"
EndProject
Project("{9A19103F-16F7-4668-BE54-9A1E7A4F7556}") = "SportChallenge.Core", "SportChallenge.Core\SportChallenge.Core.csproj", "{DBBEC791-781F-4534-9FA3-1CC297D58A40}"
EndProject
Project("{FAE04EC0-301F-11D3-BF4B-00C04F79EFBC}") = "SportChallenge.ApiTests", "SportChallenge.ApiTests\SportChallenge.ApiTests.csproj", "{2F4E84B8-5037-4722-A944-DF77D5C1EF4E}"
EndProject
Project("{FAE04EC0-301F-11D3-BF4B-00C04F79EFBC}") = "SportChallenge.UnitTests", "SportChallenge.UnitTests\SportChallenge.UnitTests.csproj", "{A3724595-85C2-4FEB-B71C-7A1B93118AD8}"
EndProject
Global
	GlobalSection(SolutionConfigurationPlatforms) = preSolution
		Debug|Any CPU = Debug|Any CPU
		Release|Any CPU = Release|Any CPU
	EndGlobalSection
	GlobalSection(ProjectConfigurationPlatforms) = postSolution
		{6647FBB9-3AE9-4D5F-92B4-ACC090180D40}.Debug|Any CPU.ActiveCfg = Debug|Any CPU
		{6647FBB9-3AE9-4D5F-92B4-ACC090180D40}.Debug|Any CPU.Build.0 = Debug|Any CPU
		{6647FBB9-3AE9-4D5F-92B4-ACC090180D40}.Release|Any CPU.ActiveCfg = Release|Any CPU
		{6647FBB9-3AE9-4D5F-92B4-ACC090180D40}.Release|Any CPU.Build.0 = Release|Any CPU
		{DBBEC791-781F-4534-9FA3-1CC297D58A40}.Debug|Any CPU.ActiveCfg = Debug|Any CPU
		{DBBEC791-781F-4534-9FA3-1CC297D58A40}.Debug|Any CPU.Build.0 = Debug|Any CPU
		{DBBEC791-781F-4534-9FA3-1CC297D58A40}.Release|Any CPU.ActiveCfg = Release|Any CPU
		{DBBEC791-781F-4534-9FA3-1CC297D58A40}.Release|Any CPU.Build.0 = Release|Any CPU
		{2F4E84B8-5037-4722-A944-DF77D5C1EF4E}.Debug|Any CPU.ActiveCfg = Debug|Any CPU
		{2F4E84B8-5037-4722-A944-DF77D5C1EF4E}.Debug|Any CPU.Build.0 = Debug|Any CPU
		{2F4E84B8-5037-4722-A944-DF77D5C1EF4E}.Release|Any CPU.ActiveCfg = Release|Any CPU
		{2F4E84B8-5037-4722-A944-DF77D5C1EF4E}.Release|Any CPU.Build.0 = Release|Any CPU
		{A3724595-85C2-4FEB-B71C-7A1B93118AD8}.Debug|Any CPU.ActiveCfg = Debug|Any CPU
		{A3724595-85C2-4FEB-B71C-7A1B93118AD8}.Debug|Any CPU.Build.0 = Debug|Any CPU
		{A3724595-85C2-4FEB-B71C-7A1B93118AD8}.Release|Any CPU.ActiveCfg = Release|Any CPU
		{A3724595-85C2-4FEB-B71C-7A1B93118AD8}.Release|Any CPU.Build.0 = Release|Any CPU
	EndGlobalSection
	GlobalSection(SolutionProperties) = preSolution
		HideSolutionNode = FALSE
	EndGlobalSection
	GlobalSection(ExtensibilityGlobals) = postSolution
		SolutionGuid = {87162C52-85B7-49A7-9552-15B4E2BCBC88}
	EndGlobalSection
EndGlobal
